dependencies:
  esp-idf-lib/dht:
    dependencies: []
    source:
      path: /Users/apple/CLionProjects/sec/managed_components/esp-idf-lib__dht
      type: local
    version: 1.2.0
  esp-idf-lib/esp_idf_lib_helpers:
    dependencies: []
    source:
      path: 
        /Users/apple/CLionProjects/sec/components/esp-idf-lib__esp_idf_lib_helpers
      type: local
    version: 1.4.0
  espressif/esp_lcd_touch:
    dependencies: []
    source:
      path: 
        /Users/apple/CLionProjects/sec/managed_components/espressif__esp_lcd_touch
      type: local
    version: 1.2.1
  espressif/esp_lvgl_adapter:
    dependencies: []
    source:
      path: 
        /Users/apple/CLionProjects/sec/managed_components/espressif__esp_lvgl_adapter
      type: local
    version: 0.2.0
  espressif/esp_lvgl_port:
    dependencies: []
    source:
      path: 
        /Users/apple/CLionProjects/sec/managed_components/espressif__esp_lvgl_port
      type: local
    version: 2.7.0
  idf:
    source:
      type: idf
    version: 5.5.1
  lvgl/lvgl:
    component_hash: 
      17e68bfd21f0edf4c3ee838e2273da840bf3930e5dbc3bfa6c1190c3aed41f9f
    dependencies: []
    source:
      registry_url: https://components.espressif.com/
      type: service
    version: 9.4.0
direct_dependencies:
- esp-idf-lib/dht
- esp-idf-lib/esp_idf_lib_helpers
- espressif/esp_lcd_touch
- espressif/esp_lvgl_adapter
- espressif/esp_lvgl_port
- idf
- lvgl/lvgl
manifest_hash: a929c34a4bded33162c2333ee262fc91341ccfd47eb9816fb42591c173de1e19
target: esp32
version: 2.0.0
